
Microsoft Visual Studio Solution File, Format Version 12.00
# Visual Studio Version 16
VisualStudioVersion = 16.0.31702.278
MinimumVisualStudioVersion = 10.0.40219.1
Project("{FAE04EC0-301F-11D3-BF4B-00C04F79EFBC}") = "SalesWebMvc", "SalesWebMvc\SalesWebMvc.csproj", "{0FED7720-3C49-4CB4-B0B0-E033E3D5CF37}"
EndProject
Global
	GlobalSection(SolutionConfigurationPlatforms) = preSolution
		Debug|Any CPU = Debug|Any CPU
		Release|Any CPU = Release|Any CPU
	EndGlobalSection
	GlobalSection(ProjectConfigurationPlatforms) = postSolution
		{0FED7720-3C49-4CB4-B0B0-E033E3D5CF37}.Debug|Any CPU.ActiveCfg = Debug|Any CPU
		{0FED7720-3C49-4CB4-B0B0-E033E3D5CF37}.Debug|Any CPU.Build.0 = Debug|Any CPU
		{0FED7720-3C49-4CB4-B0B0-E033E3D5CF37}.Release|Any CPU.ActiveCfg = Release|Any CPU
		{0FED7720-3C49-4CB4-B0B0-E033E3D5CF37}.Release|Any CPU.Build.0 = Release|Any CPU
	EndGlobalSection
	GlobalSection(SolutionProperties) = preSolution
		HideSolutionNode = FALSE
	EndGlobalSection
	GlobalSection(ExtensibilityGlobals) = postSolution
		SolutionGuid = {78BF28CE-5726-42B3-B1ED-B8E809A910E3}
	EndGlobalSection
EndGlobal
